
Microsoft Visual Studio Solution File, Format Version 12.00
# Visual Studio 2013
VisualStudioVersion = 12.0.21005.1
MinimumVisualStudioVersion = 10.0.40219.1
Project("{8BC9CEB8-8B4A-11D0-8D11-00A0C91BC942}") = "client", "client\client.vcxproj", "{EA278B7A-BF1D-4912-A124-3DE242F337E4}"
EndProject
Project("{2150E333-8FDC-42A3-9474-1A3956D46DE8}") = "Solution Items", "Solution Items", "{D40C7D7B-D860-455F-AA91-CA133803C101}"
	ProjectSection(SolutionItems) = preProject
		README.md = README.md
	EndProjectSection
EndProject
Project("{8BC9CEB8-8B4A-11D0-8D11-00A0C91BC942}") = "testView", "testView\testView.vcxproj", "{D544CF4B-1493-45D7-8D2D-56B4EF6F1C7F}"
EndProject
Project("{8BC9CEB8-8B4A-11D0-8D11-00A0C91BC942}") = "server", "server\server.vcxproj", "{0AEF34A8-D334-4810-A147-D27398AB73C0}"
EndProject
Global
	GlobalSection(SolutionConfigurationPlatforms) = preSolution
		Debug|Win32 = Debug|Win32
		Release|Win32 = Release|Win32
	EndGlobalSection
	GlobalSection(ProjectConfigurationPlatforms) = postSolution
		{EA278B7A-BF1D-4912-A124-3DE242F337E4}.Debug|Win32.ActiveCfg = Debug|Win32
		{EA278B7A-BF1D-4912-A124-3DE242F337E4}.Debug|Win32.Build.0 = Debug|Win32
		{EA278B7A-BF1D-4912-A124-3DE242F337E4}.Release|Win32.ActiveCfg = Release|Win32
		{EA278B7A-BF1D-4912-A124-3DE242F337E4}.Release|Win32.Build.0 = Release|Win32
		{D544CF4B-1493-45D7-8D2D-56B4EF6F1C7F}.Debug|Win32.ActiveCfg = Debug|Win32
		{D544CF4B-1493-45D7-8D2D-56B4EF6F1C7F}.Debug|Win32.Build.0 = Debug|Win32
		{D544CF4B-1493-45D7-8D2D-56B4EF6F1C7F}.Release|Win32.ActiveCfg = Release|Win32
		{D544CF4B-1493-45D7-8D2D-56B4EF6F1C7F}.Release|Win32.Build.0 = Release|Win32
		{0AEF34A8-D334-4810-A147-D27398AB73C0}.Debug|Win32.ActiveCfg = Debug|Win32
		{0AEF34A8-D334-4810-A147-D27398AB73C0}.Debug|Win32.Build.0 = Debug|Win32
		{0AEF34A8-D334-4810-A147-D27398AB73C0}.Release|Win32.ActiveCfg = Release|Win32
		{0AEF34A8-D334-4810-A147-D27398AB73C0}.Release|Win32.Build.0 = Release|Win32
	EndGlobalSection
	GlobalSection(SolutionProperties) = preSolution
		HideSolutionNode = FALSE
	EndGlobalSection
EndGlobal
