
Microsoft Visual Studio Solution File, Format Version 12.00
# Visual Studio 2013
VisualStudioVersion = 12.0.21005.1
MinimumVisualStudioVersion = 10.0.40219.1
Project("{8BC9CEB8-8B4A-11D0-8D11-00A0C91BC942}") = "client", "client\client.vcxproj", "{EA278B7A-BF1D-4912-A124-3DE242F337E4}"
EndProject
Project("{2150E333-8FDC-42A3-9474-1A3956D46DE8}") = "Solution Items", "Solution Items", "{D40C7D7B-D860-455F-AA91-CA133803C101}"
	ProjectSection(SolutionItems) = preProject
		README.md = README.md
	EndProjectSection
EndProject
Project("{8BC9CEB8-8B4A-11D0-8D11-00A0C91BC942}") = "copiercoller", "copiercoller\copiercoller.vcxproj", "{486514C2-3874-499D-8A08-B48C56E82834}"
EndProject
Project("{8BC9CEB8-8B4A-11D0-8D11-00A0C91BC942}") = "CameraTool", "CameraTool\CameraTool.vcxproj", "{8CC37312-5E6A-41A3-A126-FB355558C2C6}"
EndProject
Project("{8BC9CEB8-8B4A-11D0-8D11-00A0C91BC942}") = "testDLL", "testDLL\testDLL.vcxproj", "{EFA0C4EF-4EEC-4DC8-B15D-292F6700354E}"
EndProject
Project("{8BC9CEB8-8B4A-11D0-8D11-00A0C91BC942}") = "testclient_serv", "testclient_serv\testclient_serv.vcxproj", "{2C326770-28E4-4B7B-9BF1-91724C1AA282}"
EndProject
Project("{8BC9CEB8-8B4A-11D0-8D11-00A0C91BC942}") = "UDPClient", "UDPClient\UDPClient.vcxproj", "{4B2D12AC-B7E9-44E1-9FB6-B1D812BCA393}"
EndProject
Project("{8BC9CEB8-8B4A-11D0-8D11-00A0C91BC942}") = "UDPServer", "UDPServer\UDPServer.vcxproj", "{8F9EBCD5-8C57-47D8-88A7-D5C1B4AD4520}"
EndProject
Project("{8BC9CEB8-8B4A-11D0-8D11-00A0C91BC942}") = "server", "server\server.vcxproj", "{2CD9BA17-4B9E-4C27-9A3A-ACABFF361A8F}"
EndProject
Project("{8BC9CEB8-8B4A-11D0-8D11-00A0C91BC942}") = "global", "global\global.vcxproj", "{B1902F44-C275-4101-8466-A51EDC5D5E0D}"
EndProject
Global
	GlobalSection(SolutionConfigurationPlatforms) = preSolution
		Debug|Any CPU = Debug|Any CPU
		Debug|Mixed Platforms = Debug|Mixed Platforms
		Debug|Win32 = Debug|Win32
		Release|Any CPU = Release|Any CPU
		Release|Mixed Platforms = Release|Mixed Platforms
		Release|Win32 = Release|Win32
	EndGlobalSection
	GlobalSection(ProjectConfigurationPlatforms) = postSolution
		{EA278B7A-BF1D-4912-A124-3DE242F337E4}.Debug|Any CPU.ActiveCfg = Debug|Win32
		{EA278B7A-BF1D-4912-A124-3DE242F337E4}.Debug|Mixed Platforms.ActiveCfg = Debug|Win32
		{EA278B7A-BF1D-4912-A124-3DE242F337E4}.Debug|Mixed Platforms.Build.0 = Debug|Win32
		{EA278B7A-BF1D-4912-A124-3DE242F337E4}.Debug|Win32.ActiveCfg = Debug|Win32
		{EA278B7A-BF1D-4912-A124-3DE242F337E4}.Debug|Win32.Build.0 = Debug|Win32
		{EA278B7A-BF1D-4912-A124-3DE242F337E4}.Release|Any CPU.ActiveCfg = Release|Win32
		{EA278B7A-BF1D-4912-A124-3DE242F337E4}.Release|Mixed Platforms.ActiveCfg = Release|Win32
		{EA278B7A-BF1D-4912-A124-3DE242F337E4}.Release|Mixed Platforms.Build.0 = Release|Win32
		{EA278B7A-BF1D-4912-A124-3DE242F337E4}.Release|Win32.ActiveCfg = Release|Win32
		{EA278B7A-BF1D-4912-A124-3DE242F337E4}.Release|Win32.Build.0 = Release|Win32
		{486514C2-3874-499D-8A08-B48C56E82834}.Debug|Any CPU.ActiveCfg = Debug|Win32
		{486514C2-3874-499D-8A08-B48C56E82834}.Debug|Mixed Platforms.ActiveCfg = Debug|Win32
		{486514C2-3874-499D-8A08-B48C56E82834}.Debug|Mixed Platforms.Build.0 = Debug|Win32
		{486514C2-3874-499D-8A08-B48C56E82834}.Debug|Win32.ActiveCfg = Debug|Win32
		{486514C2-3874-499D-8A08-B48C56E82834}.Debug|Win32.Build.0 = Debug|Win32
		{486514C2-3874-499D-8A08-B48C56E82834}.Release|Any CPU.ActiveCfg = Release|Win32
		{486514C2-3874-499D-8A08-B48C56E82834}.Release|Mixed Platforms.ActiveCfg = Release|Win32
		{486514C2-3874-499D-8A08-B48C56E82834}.Release|Mixed Platforms.Build.0 = Release|Win32
		{486514C2-3874-499D-8A08-B48C56E82834}.Release|Win32.ActiveCfg = Release|Win32
		{486514C2-3874-499D-8A08-B48C56E82834}.Release|Win32.Build.0 = Release|Win32
		{8CC37312-5E6A-41A3-A126-FB355558C2C6}.Debug|Any CPU.ActiveCfg = Debug|Win32
		{8CC37312-5E6A-41A3-A126-FB355558C2C6}.Debug|Mixed Platforms.ActiveCfg = Debug|Win32
		{8CC37312-5E6A-41A3-A126-FB355558C2C6}.Debug|Mixed Platforms.Build.0 = Debug|Win32
		{8CC37312-5E6A-41A3-A126-FB355558C2C6}.Debug|Win32.ActiveCfg = Debug|Win32
		{8CC37312-5E6A-41A3-A126-FB355558C2C6}.Debug|Win32.Build.0 = Debug|Win32
		{8CC37312-5E6A-41A3-A126-FB355558C2C6}.Release|Any CPU.ActiveCfg = Release|Win32
		{8CC37312-5E6A-41A3-A126-FB355558C2C6}.Release|Mixed Platforms.ActiveCfg = Release|Win32
		{8CC37312-5E6A-41A3-A126-FB355558C2C6}.Release|Mixed Platforms.Build.0 = Release|Win32
		{8CC37312-5E6A-41A3-A126-FB355558C2C6}.Release|Win32.ActiveCfg = Release|Win32
		{8CC37312-5E6A-41A3-A126-FB355558C2C6}.Release|Win32.Build.0 = Release|Win32
		{EFA0C4EF-4EEC-4DC8-B15D-292F6700354E}.Debug|Any CPU.ActiveCfg = Debug|Win32
		{EFA0C4EF-4EEC-4DC8-B15D-292F6700354E}.Debug|Mixed Platforms.ActiveCfg = Debug|Win32
		{EFA0C4EF-4EEC-4DC8-B15D-292F6700354E}.Debug|Mixed Platforms.Build.0 = Debug|Win32
		{EFA0C4EF-4EEC-4DC8-B15D-292F6700354E}.Debug|Win32.ActiveCfg = Debug|Win32
		{EFA0C4EF-4EEC-4DC8-B15D-292F6700354E}.Debug|Win32.Build.0 = Debug|Win32
		{EFA0C4EF-4EEC-4DC8-B15D-292F6700354E}.Release|Any CPU.ActiveCfg = Release|Win32
		{EFA0C4EF-4EEC-4DC8-B15D-292F6700354E}.Release|Mixed Platforms.ActiveCfg = Release|Win32
		{EFA0C4EF-4EEC-4DC8-B15D-292F6700354E}.Release|Mixed Platforms.Build.0 = Release|Win32
		{EFA0C4EF-4EEC-4DC8-B15D-292F6700354E}.Release|Win32.ActiveCfg = Release|Win32
		{EFA0C4EF-4EEC-4DC8-B15D-292F6700354E}.Release|Win32.Build.0 = Release|Win32
		{2C326770-28E4-4B7B-9BF1-91724C1AA282}.Debug|Any CPU.ActiveCfg = Debug|Win32
		{2C326770-28E4-4B7B-9BF1-91724C1AA282}.Debug|Mixed Platforms.ActiveCfg = Debug|Win32
		{2C326770-28E4-4B7B-9BF1-91724C1AA282}.Debug|Mixed Platforms.Build.0 = Debug|Win32
		{2C326770-28E4-4B7B-9BF1-91724C1AA282}.Debug|Win32.ActiveCfg = Debug|Win32
		{2C326770-28E4-4B7B-9BF1-91724C1AA282}.Debug|Win32.Build.0 = Debug|Win32
		{2C326770-28E4-4B7B-9BF1-91724C1AA282}.Release|Any CPU.ActiveCfg = Release|Win32
		{2C326770-28E4-4B7B-9BF1-91724C1AA282}.Release|Mixed Platforms.ActiveCfg = Release|Win32
		{2C326770-28E4-4B7B-9BF1-91724C1AA282}.Release|Mixed Platforms.Build.0 = Release|Win32
		{2C326770-28E4-4B7B-9BF1-91724C1AA282}.Release|Win32.ActiveCfg = Release|Win32
		{2C326770-28E4-4B7B-9BF1-91724C1AA282}.Release|Win32.Build.0 = Release|Win32
		{4B2D12AC-B7E9-44E1-9FB6-B1D812BCA393}.Debug|Any CPU.ActiveCfg = Debug|Win32
		{4B2D12AC-B7E9-44E1-9FB6-B1D812BCA393}.Debug|Mixed Platforms.ActiveCfg = Debug|Win32
		{4B2D12AC-B7E9-44E1-9FB6-B1D812BCA393}.Debug|Mixed Platforms.Build.0 = Debug|Win32
		{4B2D12AC-B7E9-44E1-9FB6-B1D812BCA393}.Debug|Win32.ActiveCfg = Debug|Win32
		{4B2D12AC-B7E9-44E1-9FB6-B1D812BCA393}.Debug|Win32.Build.0 = Debug|Win32
		{4B2D12AC-B7E9-44E1-9FB6-B1D812BCA393}.Release|Any CPU.ActiveCfg = Release|Win32
		{4B2D12AC-B7E9-44E1-9FB6-B1D812BCA393}.Release|Mixed Platforms.ActiveCfg = Release|Win32
		{4B2D12AC-B7E9-44E1-9FB6-B1D812BCA393}.Release|Mixed Platforms.Build.0 = Release|Win32
		{4B2D12AC-B7E9-44E1-9FB6-B1D812BCA393}.Release|Win32.ActiveCfg = Release|Win32
		{4B2D12AC-B7E9-44E1-9FB6-B1D812BCA393}.Release|Win32.Build.0 = Release|Win32
		{8F9EBCD5-8C57-47D8-88A7-D5C1B4AD4520}.Debug|Any CPU.ActiveCfg = Debug|Win32
		{8F9EBCD5-8C57-47D8-88A7-D5C1B4AD4520}.Debug|Mixed Platforms.ActiveCfg = Debug|Win32
		{8F9EBCD5-8C57-47D8-88A7-D5C1B4AD4520}.Debug|Mixed Platforms.Build.0 = Debug|Win32
		{8F9EBCD5-8C57-47D8-88A7-D5C1B4AD4520}.Debug|Win32.ActiveCfg = Debug|Win32
		{8F9EBCD5-8C57-47D8-88A7-D5C1B4AD4520}.Debug|Win32.Build.0 = Debug|Win32
		{8F9EBCD5-8C57-47D8-88A7-D5C1B4AD4520}.Release|Any CPU.ActiveCfg = Release|Win32
		{8F9EBCD5-8C57-47D8-88A7-D5C1B4AD4520}.Release|Mixed Platforms.ActiveCfg = Release|Win32
		{8F9EBCD5-8C57-47D8-88A7-D5C1B4AD4520}.Release|Mixed Platforms.Build.0 = Release|Win32
		{8F9EBCD5-8C57-47D8-88A7-D5C1B4AD4520}.Release|Win32.ActiveCfg = Release|Win32
		{8F9EBCD5-8C57-47D8-88A7-D5C1B4AD4520}.Release|Win32.Build.0 = Release|Win32
		{2CD9BA17-4B9E-4C27-9A3A-ACABFF361A8F}.Debug|Any CPU.ActiveCfg = Debug|Win32
		{2CD9BA17-4B9E-4C27-9A3A-ACABFF361A8F}.Debug|Mixed Platforms.ActiveCfg = Debug|Win32
		{2CD9BA17-4B9E-4C27-9A3A-ACABFF361A8F}.Debug|Mixed Platforms.Build.0 = Debug|Win32
		{2CD9BA17-4B9E-4C27-9A3A-ACABFF361A8F}.Debug|Win32.ActiveCfg = Debug|Win32
		{2CD9BA17-4B9E-4C27-9A3A-ACABFF361A8F}.Debug|Win32.Build.0 = Debug|Win32
		{2CD9BA17-4B9E-4C27-9A3A-ACABFF361A8F}.Release|Any CPU.ActiveCfg = Release|Win32
		{2CD9BA17-4B9E-4C27-9A3A-ACABFF361A8F}.Release|Mixed Platforms.ActiveCfg = Release|Win32
		{2CD9BA17-4B9E-4C27-9A3A-ACABFF361A8F}.Release|Mixed Platforms.Build.0 = Release|Win32
		{2CD9BA17-4B9E-4C27-9A3A-ACABFF361A8F}.Release|Win32.ActiveCfg = Release|Win32
		{2CD9BA17-4B9E-4C27-9A3A-ACABFF361A8F}.Release|Win32.Build.0 = Release|Win32
		{B1902F44-C275-4101-8466-A51EDC5D5E0D}.Debug|Any CPU.ActiveCfg = Debug|Win32
		{B1902F44-C275-4101-8466-A51EDC5D5E0D}.Debug|Mixed Platforms.ActiveCfg = Debug|Win32
		{B1902F44-C275-4101-8466-A51EDC5D5E0D}.Debug|Mixed Platforms.Build.0 = Debug|Win32
		{B1902F44-C275-4101-8466-A51EDC5D5E0D}.Debug|Win32.ActiveCfg = Debug|Win32
		{B1902F44-C275-4101-8466-A51EDC5D5E0D}.Debug|Win32.Build.0 = Debug|Win32
		{B1902F44-C275-4101-8466-A51EDC5D5E0D}.Release|Any CPU.ActiveCfg = Release|Win32
		{B1902F44-C275-4101-8466-A51EDC5D5E0D}.Release|Mixed Platforms.ActiveCfg = Release|Win32
		{B1902F44-C275-4101-8466-A51EDC5D5E0D}.Release|Mixed Platforms.Build.0 = Release|Win32
		{B1902F44-C275-4101-8466-A51EDC5D5E0D}.Release|Win32.ActiveCfg = Release|Win32
		{B1902F44-C275-4101-8466-A51EDC5D5E0D}.Release|Win32.Build.0 = Release|Win32
	EndGlobalSection
	GlobalSection(SolutionProperties) = preSolution
		HideSolutionNode = FALSE
	EndGlobalSection
EndGlobal
